
Microsoft Visual Studio Solution File, Format Version 12.00
# Visual Studio Version 16
VisualStudioVersion = 16.0.31019.35
MinimumVisualStudioVersion = 10.0.40219.1
Project("{FAE04EC0-301F-11D3-BF4B-00C04F79EFBC}") = "Singelaton", "Singelaton.csproj", "{697D32BB-D7A4-4674-BFA8-88AE62126B74}"
EndProject
Project("{FAE04EC0-301F-11D3-BF4B-00C04F79EFBC}") = "FactoryMethod", "..\FactoryMethod\FactoryMethod.csproj", "{D6EB09B6-FDC2-41F0-AF7F-0B575FA2C5CB}"
EndProject
Global
	GlobalSection(SolutionConfigurationPlatforms) = preSolution
		Debug|Any CPU = Debug|Any CPU
		Release|Any CPU = Release|Any CPU
	EndGlobalSection
	GlobalSection(ProjectConfigurationPlatforms) = postSolution
		{697D32BB-D7A4-4674-BFA8-88AE62126B74}.Debug|Any CPU.ActiveCfg = Debug|Any CPU
		{697D32BB-D7A4-4674-BFA8-88AE62126B74}.Debug|Any CPU.Build.0 = Debug|Any CPU
		{697D32BB-D7A4-4674-BFA8-88AE62126B74}.Release|Any CPU.ActiveCfg = Release|Any CPU
		{697D32BB-D7A4-4674-BFA8-88AE62126B74}.Release|Any CPU.Build.0 = Release|Any CPU
		{D6EB09B6-FDC2-41F0-AF7F-0B575FA2C5CB}.Debug|Any CPU.ActiveCfg = Debug|Any CPU
		{D6EB09B6-FDC2-41F0-AF7F-0B575FA2C5CB}.Debug|Any CPU.Build.0 = Debug|Any CPU
		{D6EB09B6-FDC2-41F0-AF7F-0B575FA2C5CB}.Release|Any CPU.ActiveCfg = Release|Any CPU
		{D6EB09B6-FDC2-41F0-AF7F-0B575FA2C5CB}.Release|Any CPU.Build.0 = Release|Any CPU
	EndGlobalSection
	GlobalSection(SolutionProperties) = preSolution
		HideSolutionNode = FALSE
	EndGlobalSection
	GlobalSection(ExtensibilityGlobals) = postSolution
		SolutionGuid = {3FA6B903-5806-42FB-889C-E736A63ACD1B}
	EndGlobalSection
EndGlobal
